
Microsoft Visual Studio Solution File, Format Version 12.00
# Visual Studio Version 17
VisualStudioVersion = 17.3.32819.101
MinimumVisualStudioVersion = 10.0.40219.1
Project("{FAE04EC0-301F-11D3-BF4B-00C04F79EFBC}") = "Rainbow6_ReplayHandler", "Rainbow6_ReplayHandler\Rainbow6_ReplayHandler.csproj", "{6DAF34D6-9B09-40B5-AD57-2FB10D3830D3}"
EndProject
Project("{FAE04EC0-301F-11D3-BF4B-00C04F79EFBC}") = "libR6R", "libR6R\libR6R.csproj", "{65E01C50-3A33-4067-BD94-33528EBDBC90}"
EndProject
Global
	GlobalSection(SolutionConfigurationPlatforms) = preSolution
		Debug|Any CPU = Debug|Any CPU
		Release|Any CPU = Release|Any CPU
	EndGlobalSection
	GlobalSection(ProjectConfigurationPlatforms) = postSolution
		{6DAF34D6-9B09-40B5-AD57-2FB10D3830D3}.Debug|Any CPU.ActiveCfg = Debug|Any CPU
		{6DAF34D6-9B09-40B5-AD57-2FB10D3830D3}.Debug|Any CPU.Build.0 = Debug|Any CPU
		{6DAF34D6-9B09-40B5-AD57-2FB10D3830D3}.Release|Any CPU.ActiveCfg = Release|Any CPU
		{6DAF34D6-9B09-40B5-AD57-2FB10D3830D3}.Release|Any CPU.Build.0 = Release|Any CPU
		{65E01C50-3A33-4067-BD94-33528EBDBC90}.Debug|Any CPU.ActiveCfg = Debug|Any CPU
		{65E01C50-3A33-4067-BD94-33528EBDBC90}.Debug|Any CPU.Build.0 = Debug|Any CPU
		{65E01C50-3A33-4067-BD94-33528EBDBC90}.Release|Any CPU.ActiveCfg = Release|Any CPU
		{65E01C50-3A33-4067-BD94-33528EBDBC90}.Release|Any CPU.Build.0 = Release|Any CPU
	EndGlobalSection
	GlobalSection(SolutionProperties) = preSolution
		HideSolutionNode = FALSE
	EndGlobalSection
	GlobalSection(ExtensibilityGlobals) = postSolution
		SolutionGuid = {F03234B7-9A1E-4D37-BC83-2CACA853822F}
	EndGlobalSection
EndGlobal
